
Microsoft Visual Studio Solution File, Format Version 12.00
# Visual Studio Version 17
VisualStudioVersion = 17.7.34031.279
MinimumVisualStudioVersion = 10.0.40219.1
Project("{FAE04EC0-301F-11D3-BF4B-00C04F79EFBC}") = "KeyLogApplication", "KeyLogApplication\KeyLogApplication.csproj", "{58D99025-E456-4814-A55F-6D5DF9CAA286}"
EndProject
Global
	GlobalSection(SolutionConfigurationPlatforms) = preSolution
		Debug|Any CPU = Debug|Any CPU
		Release|Any CPU = Release|Any CPU
	EndGlobalSection
	GlobalSection(ProjectConfigurationPlatforms) = postSolution
		{58D99025-E456-4814-A55F-6D5DF9CAA286}.Debug|Any CPU.ActiveCfg = Debug|Any CPU
		{58D99025-E456-4814-A55F-6D5DF9CAA286}.Debug|Any CPU.Build.0 = Debug|Any CPU
		{58D99025-E456-4814-A55F-6D5DF9CAA286}.Release|Any CPU.ActiveCfg = Release|Any CPU
		{58D99025-E456-4814-A55F-6D5DF9CAA286}.Release|Any CPU.Build.0 = Release|Any CPU
	EndGlobalSection
	GlobalSection(SolutionProperties) = preSolution
		HideSolutionNode = FALSE
	EndGlobalSection
	GlobalSection(ExtensibilityGlobals) = postSolution
		SolutionGuid = {EA6AED65-D6C7-4101-B7FA-C543F85B535D}
	EndGlobalSection
EndGlobal
